
Microsoft Visual Studio Solution File, Format Version 12.00
# Visual Studio Version 16
VisualStudioVersion = 16.0.31129.286
MinimumVisualStudioVersion = 10.0.40219.1
Project("{FAE04EC0-301F-11D3-BF4B-00C04F79EFBC}") = "Aplicatie-Recrutari", "Aplicatie-Recrutari.csproj", "{4C0AE1FE-AA24-4738-8F32-9C97996DCFE3}"
EndProject
Global
	GlobalSection(SolutionConfigurationPlatforms) = preSolution
		Debug|Any CPU = Debug|Any CPU
		Release|Any CPU = Release|Any CPU
	EndGlobalSection
	GlobalSection(ProjectConfigurationPlatforms) = postSolution
		{4C0AE1FE-AA24-4738-8F32-9C97996DCFE3}.Debug|Any CPU.ActiveCfg = Debug|Any CPU
		{4C0AE1FE-AA24-4738-8F32-9C97996DCFE3}.Debug|Any CPU.Build.0 = Debug|Any CPU
		{4C0AE1FE-AA24-4738-8F32-9C97996DCFE3}.Release|Any CPU.ActiveCfg = Release|Any CPU
		{4C0AE1FE-AA24-4738-8F32-9C97996DCFE3}.Release|Any CPU.Build.0 = Release|Any CPU
	EndGlobalSection
	GlobalSection(SolutionProperties) = preSolution
		HideSolutionNode = FALSE
	EndGlobalSection
	GlobalSection(ExtensibilityGlobals) = postSolution
		SolutionGuid = {45182F55-817F-4F22-BB3C-FA23D595B646}
	EndGlobalSection
EndGlobal
